# THIS IS AN AUTOGENERATED FILE. DO NOT EDIT THIS FILE DIRECTLY.
# yarn lockfile v1


normalize-scss@>=5.0.4:
  version "7.0.0"
  resolved "https://registry.yarnpkg.com/normalize-scss/-/normalize-scss-7.0.0.tgz#92eaac6554cc376336c06682a0d6a2099bbb0889"

"skeleton-sass-official@https://s3.eu-west-2.amazonaws.com/edward-compton-node-modules/skeleton-sass-official-3.1.4.tgz":
  version "3.1.4"
  resolved "https://s3.eu-west-2.amazonaws.com/edward-compton-node-modules/skeleton-sass-official-3.1.4.tgz#27fb2857868af63ff8f04d59bd26eba6f834fa52"
  dependencies:
    normalize-scss ">=5.0.4"
